<?xml version="1.0" encoding="utf-8"?>
<Project ToolsVersion="4.0" xmlns="http://schemas.microsoft.com/developer/msbuild/2003">
  <ItemGroup>
    <Filter Include="Исходные файлы">
      <UniqueIdentifier>{4FC737F1-C7A5-4376-A066-2A32D752A2FF}</UniqueIdentifier>
      <Extensions>cpp;c;cc;cxx;c++;cppm;ixx;def;odl;idl;hpj;bat;asm;asmx</Extensions>
    </Filter>
    <Filter Include="Файлы заголовков">
      <UniqueIdentifier>{93995380-89BD-4b04-88EB-625FBE52EBFB}</UniqueIdentifier>
      <Extensions>h;hh;hpp;hxx;h++;hm;inl;inc;ipp;xsd</Extensions>
    </Filter>
    <Filter Include="Файлы ресурсов">
      <UniqueIdentifier>{67DA6AB6-F800-4c08-8B7A-83BB121AAD01}</UniqueIdentifier>
      <Extensions>rc;ico;cur;bmp;dlg;rc2;rct;bin;rgs;gif;jpg;jpeg;jpe;resx;tiff;tif;png;wav;mfcribbon-ms</Extensions>
    </Filter>
    <Filter Include="Исходные файлы\object">
      <UniqueIdentifier>{4336c297-832f-4e5c-a55b-2a61752649d5}</UniqueIdentifier>
    </Filter>
    <Filter Include="Исходные файлы\ui">
      <UniqueIdentifier>{5a5f4267-ab2d-4d4b-ada3-247694dfef3b}</UniqueIdentifier>
    </Filter>
    <Filter Include="Исходные файлы\db">
      <UniqueIdentifier>{b0991031-ea60-4e3a-96a6-393ae74691b7}</UniqueIdentifier>
    </Filter>
    <Filter Include="Исходные файлы\test">
      <UniqueIdentifier>{f654814d-279f-4b4a-b1ff-b54d14d4a5a6}</UniqueIdentifier>
    </Filter>
  </ItemGroup>
  <ItemGroup>
    <ClInclude Include="..\..\control_n2\control_n1\ui.h">
      <Filter>Файлы заголовков</Filter>
    </ClInclude>
    <ClInclude Include="..\..\control_n2\control_n1\fileReader.h">
      <Filter>Файлы заголовков</Filter>
    </ClInclude>
    <ClInclude Include="..\..\control_n2\control_n1\Person.h">
      <Filter>Файлы заголовков</Filter>
    </ClInclude>
    <ClInclude Include="..\..\control_n2\control_n1\resource.h">
      <Filter>Файлы заголовков</Filter>
    </ClInclude>
    <ClInclude Include="..\..\control_n2\control_n1\selection.h">
      <Filter>Файлы заголовков</Filter>
    </ClInclude>
    <ClInclude Include="..\..\control_n2\control_n1\Student.h">
      <Filter>Файлы заголовков</Filter>
    </ClInclude>
    <ClInclude Include="..\..\control_n2\control_n1\test.h">
      <Filter>Файлы заголовков</Filter>
    </ClInclude>
  </ItemGroup>
  <ItemGroup>
    <ClCompile Include="..\..\control_n2\control_n1\main.cpp">
      <Filter>Исходные файлы</Filter>
    </ClCompile>
    <ClCompile Include="..\..\control_n2\control_n1\Person.cpp">
      <Filter>Исходные файлы\object</Filter>
    </ClCompile>
    <ClCompile Include="..\..\control_n2\control_n1\Student.cpp">
      <Filter>Исходные файлы\object</Filter>
    </ClCompile>
    <ClCompile Include="..\..\control_n2\control_n1\ui.cpp">
      <Filter>Исходные файлы\ui</Filter>
    </ClCompile>
    <ClCompile Include="..\..\control_n2\control_n1\fileReader.cpp">
      <Filter>Исходные файлы\ui</Filter>
    </ClCompile>
    <ClCompile Include="..\..\control_n2\control_n1\consoleInOut.cpp">
      <Filter>Исходные файлы\ui</Filter>
    </ClCompile>
    <ClCompile Include="..\..\control_n2\control_n1\selection.cpp">
      <Filter>Исходные файлы\db</Filter>
    </ClCompile>
    <ClCompile Include="..\..\control_n2\control_n1\test.cpp">
      <Filter>Исходные файлы\test</Filter>
    </ClCompile>
  </ItemGroup>
</Project>